{
  "name": "peer2peer",
  "lockfileVersion": 3,
  "requires": true,
  "packages": {
    "": {
      "dependencies": {
        "agora-rtm-sdk": "^2.1.5"
      }
    },
    "node_modules/agora-rtm-sdk": {
      "version": "2.1.5",
      "resolved": "https://registry.npmjs.org/agora-rtm-sdk/-/agora-rtm-sdk-2.1.5.tgz",
      "integrity": "sha512-8R+JYusAftI+UbbRNSeQfcJozOUOmCWvjVxid8tQ9gYzyf/j4QY4ZjNZrkuLcXT+QejkqxAoNP5miFyyWV0Yjg=="
    }
  }
}
